
Microsoft Visual Studio Solution File, Format Version 12.00
# Visual Studio 2013
VisualStudioVersion = 12.0.40629.0
MinimumVisualStudioVersion = 10.0.40219.1
Project("{FAE04EC0-301F-11D3-BF4B-00C04F79EFBC}") = "Base64Converter", "Base64Converter.csproj", "{011323D3-5170-401D-8B10-6D2AEC7D3539}"
EndProject
Global
	GlobalSection(SolutionConfigurationPlatforms) = preSolution
		Debug|Any CPU = Debug|Any CPU
		Release|Any CPU = Release|Any CPU
	EndGlobalSection
	GlobalSection(ProjectConfigurationPlatforms) = postSolution
		{011323D3-5170-401D-8B10-6D2AEC7D3539}.Debug|Any CPU.ActiveCfg = Debug|Any CPU
		{011323D3-5170-401D-8B10-6D2AEC7D3539}.Debug|Any CPU.Build.0 = Debug|Any CPU
		{011323D3-5170-401D-8B10-6D2AEC7D3539}.Release|Any CPU.ActiveCfg = Release|Any CPU
		{011323D3-5170-401D-8B10-6D2AEC7D3539}.Release|Any CPU.Build.0 = Release|Any CPU
	EndGlobalSection
	GlobalSection(SolutionProperties) = preSolution
		HideSolutionNode = FALSE
	EndGlobalSection
EndGlobal
